
Microsoft Visual Studio Solution File, Format Version 12.00
# Visual Studio 14
VisualStudioVersion = 14.0.25420.1
MinimumVisualStudioVersion = 10.0.40219.1
Project("{2150E333-8FDC-42A3-9474-1A3956D46DE8}") = "src", "src", "{DC31A28D-8098-4125-B09C-C5AC7B16E5C1}"
EndProject
Project("{2150E333-8FDC-42A3-9474-1A3956D46DE8}") = "Solution Items", "Solution Items", "{483B7B6F-B6C7-48AC-A33F-667088C04C1E}"
	ProjectSection(SolutionItems) = preProject
		global.json = global.json
	EndProjectSection
EndProject
Project("{8BB2217D-0F2D-49D1-97BC-3654ED321F3B}") = "EjemploAPI", "src\EjemploAPI\EjemploAPI.xproj", "{93D8AC98-75E1-4508-B0A6-E9905E91DEC6}"
EndProject
Global
	GlobalSection(SolutionConfigurationPlatforms) = preSolution
		Debug|Any CPU = Debug|Any CPU
		Release|Any CPU = Release|Any CPU
	EndGlobalSection
	GlobalSection(ProjectConfigurationPlatforms) = postSolution
		{93D8AC98-75E1-4508-B0A6-E9905E91DEC6}.Debug|Any CPU.ActiveCfg = Debug|Any CPU
		{93D8AC98-75E1-4508-B0A6-E9905E91DEC6}.Debug|Any CPU.Build.0 = Debug|Any CPU
		{93D8AC98-75E1-4508-B0A6-E9905E91DEC6}.Release|Any CPU.ActiveCfg = Release|Any CPU
		{93D8AC98-75E1-4508-B0A6-E9905E91DEC6}.Release|Any CPU.Build.0 = Release|Any CPU
	EndGlobalSection
	GlobalSection(SolutionProperties) = preSolution
		HideSolutionNode = FALSE
	EndGlobalSection
	GlobalSection(NestedProjects) = preSolution
		{93D8AC98-75E1-4508-B0A6-E9905E91DEC6} = {DC31A28D-8098-4125-B09C-C5AC7B16E5C1}
	EndGlobalSection
EndGlobal
